
Microsoft Visual Studio Solution File, Format Version 12.00
# Visual Studio 2013
VisualStudioVersion = 12.0.21005.1
MinimumVisualStudioVersion = 10.0.40219.1
Project("{FAE04EC0-301F-11D3-BF4B-00C04F79EFBC}") = "GUI", "GUI\GUI.csproj", "{039F3E50-0810-4EBE-81DE-2764E92FBDB8}"
EndProject
Project("{FAE04EC0-301F-11D3-BF4B-00C04F79EFBC}") = "BUS", "BUS\BUS.csproj", "{A502DFEC-DE95-486A-92BF-6F20BBFEAFF3}"
EndProject
Project("{FAE04EC0-301F-11D3-BF4B-00C04F79EFBC}") = "DAO", "DAO\DAO.csproj", "{930A83FE-0FD7-4DA1-BD6C-169B072DEE55}"
EndProject
Project("{FAE04EC0-301F-11D3-BF4B-00C04F79EFBC}") = "DTO", "DTO\DTO.csproj", "{B90CB216-B646-4F85-B1E4-605D14F1FF84}"
EndProject
Global
	GlobalSection(SolutionConfigurationPlatforms) = preSolution
		Debug|Any CPU = Debug|Any CPU
		Release|Any CPU = Release|Any CPU
	EndGlobalSection
	GlobalSection(ProjectConfigurationPlatforms) = postSolution
		{039F3E50-0810-4EBE-81DE-2764E92FBDB8}.Debug|Any CPU.ActiveCfg = Debug|Any CPU
		{039F3E50-0810-4EBE-81DE-2764E92FBDB8}.Debug|Any CPU.Build.0 = Debug|Any CPU
		{039F3E50-0810-4EBE-81DE-2764E92FBDB8}.Release|Any CPU.ActiveCfg = Release|Any CPU
		{039F3E50-0810-4EBE-81DE-2764E92FBDB8}.Release|Any CPU.Build.0 = Release|Any CPU
		{A502DFEC-DE95-486A-92BF-6F20BBFEAFF3}.Debug|Any CPU.ActiveCfg = Debug|Any CPU
		{A502DFEC-DE95-486A-92BF-6F20BBFEAFF3}.Debug|Any CPU.Build.0 = Debug|Any CPU
		{A502DFEC-DE95-486A-92BF-6F20BBFEAFF3}.Release|Any CPU.ActiveCfg = Release|Any CPU
		{A502DFEC-DE95-486A-92BF-6F20BBFEAFF3}.Release|Any CPU.Build.0 = Release|Any CPU
		{930A83FE-0FD7-4DA1-BD6C-169B072DEE55}.Debug|Any CPU.ActiveCfg = Debug|Any CPU
		{930A83FE-0FD7-4DA1-BD6C-169B072DEE55}.Debug|Any CPU.Build.0 = Debug|Any CPU
		{930A83FE-0FD7-4DA1-BD6C-169B072DEE55}.Release|Any CPU.ActiveCfg = Release|Any CPU
		{930A83FE-0FD7-4DA1-BD6C-169B072DEE55}.Release|Any CPU.Build.0 = Release|Any CPU
		{B90CB216-B646-4F85-B1E4-605D14F1FF84}.Debug|Any CPU.ActiveCfg = Debug|Any CPU
		{B90CB216-B646-4F85-B1E4-605D14F1FF84}.Debug|Any CPU.Build.0 = Debug|Any CPU
		{B90CB216-B646-4F85-B1E4-605D14F1FF84}.Release|Any CPU.ActiveCfg = Release|Any CPU
		{B90CB216-B646-4F85-B1E4-605D14F1FF84}.Release|Any CPU.Build.0 = Release|Any CPU
	EndGlobalSection
	GlobalSection(SolutionProperties) = preSolution
		HideSolutionNode = FALSE
	EndGlobalSection
EndGlobal
